dependencies:
  espressif/esp-dsp:
    component_hash: 42dce32d46ac93dc11f60d368e29a830e9661c7345d794b8a45c343479cae636
    dependencies:
    - name: idf
      require: private
      version: '>=4.2'
    source:
      registry_url: https://components.espressif.com/
      type: service
    version: 1.7.0
  espressif/led_strip:
    component_hash: f0d1b7f93eb3ee57bcfd220656176b0b5616e1947f89ed44364555cf910c4840
    dependencies:
    - name: idf
      require: private
      version: '>=5.0'
    source:
      registry_url: https://components.espressif.com/
      type: service
    version: 3.0.2
  i2s_examples_common:
    dependencies: []
    source:
      path: /opt/esp/idf/examples/peripherals/i2s/i2s_examples_common
      type: local
    version: '*'
  idf:
    source:
      type: idf
    version: 5.2.6
direct_dependencies:
- espressif/esp-dsp
- espressif/led_strip
- i2s_examples_common
manifest_hash: eae38233795ccd337b842e0b06cde2071ee38ab4d99a992dbba3fd11762e70d3
target: esp32s3
version: 2.0.0
